
Microsoft Visual Studio Solution File, Format Version 12.00
# Visual Studio Version 16
VisualStudioVersion = 16.0.31205.134
MinimumVisualStudioVersion = 10.0.40219.1
Project("{FAE04EC0-301F-11D3-BF4B-00C04F79EFBC}") = "PBeat_Framework", "PBeat_Framework\PBeat_Framework.csproj", "{43814BFF-8265-48DE-AB6F-F6D3B141B868}"
EndProject
Global
	GlobalSection(SolutionConfigurationPlatforms) = preSolution
		Debug|Any CPU = Debug|Any CPU
		Release|Any CPU = Release|Any CPU
	EndGlobalSection
	GlobalSection(ProjectConfigurationPlatforms) = postSolution
		{43814BFF-8265-48DE-AB6F-F6D3B141B868}.Debug|Any CPU.ActiveCfg = Debug|Any CPU
		{43814BFF-8265-48DE-AB6F-F6D3B141B868}.Debug|Any CPU.Build.0 = Debug|Any CPU
		{43814BFF-8265-48DE-AB6F-F6D3B141B868}.Release|Any CPU.ActiveCfg = Release|Any CPU
		{43814BFF-8265-48DE-AB6F-F6D3B141B868}.Release|Any CPU.Build.0 = Release|Any CPU
	EndGlobalSection
	GlobalSection(SolutionProperties) = preSolution
		HideSolutionNode = FALSE
	EndGlobalSection
	GlobalSection(ExtensibilityGlobals) = postSolution
		SolutionGuid = {1ABBBD6C-C924-4174-8207-D7755F09805E}
	EndGlobalSection
EndGlobal
